
Microsoft Visual Studio Solution File, Format Version 12.00
# Visual Studio 15
VisualStudioVersion = 15.0.28010.2003
MinimumVisualStudioVersion = 10.0.40219.1
Project("{2150E333-8FDC-42A3-9474-1A3956D46DE8}") = "Web", "Web", "{B91C4BBD-DD5B-4917-AF5B-ED36276A3273}"
EndProject
Project("{2150E333-8FDC-42A3-9474-1A3956D46DE8}") = "Services", "Services", "{F7E8A784-A83B-4B2F-B201-CE92F39D8E3F}"
EndProject
Project("{2150E333-8FDC-42A3-9474-1A3956D46DE8}") = "Utility", "Utility", "{11F233DD-8C12-4F94-919B-A6F70082768E}"
EndProject
Project("{9A19103F-16F7-4668-BE54-9A1E7A4F7556}") = "YTBapa.Services", "src\Services\YTBapa.Services\YTBapa.Services.csproj", "{BFC7B1B7-1B7F-4BA8-9E15-3EE8740A267E}"
EndProject
Project("{9A19103F-16F7-4668-BE54-9A1E7A4F7556}") = "YTBapa.Common", "src\Utility\YTBapa.Common\YTBapa.Common.csproj", "{E6686718-3847-49E1-A944-4DEA655B7E7D}"
EndProject
Project("{9A19103F-16F7-4668-BE54-9A1E7A4F7556}") = "YTBapa.Web", "src\Web\YTBapa.Web\YTBapa.Web.csproj", "{437A2437-DBBE-4815-B16A-89E71AFA58F8}"
EndProject
Project("{2150E333-8FDC-42A3-9474-1A3956D46DE8}") = "Tests", "Tests", "{DD4F8B80-4702-4067-8963-650D5AE0F33E}"
EndProject
Project("{2150E333-8FDC-42A3-9474-1A3956D46DE8}") = "Tools", "Tools", "{C46508F6-268E-4747-98DB-E0FE6F14E6BB}"
EndProject
Project("{9A19103F-16F7-4668-BE54-9A1E7A4F7556}") = "YTBapa.Services.Test", "src\Tests\YTBapa.Services.Test\YTBapa.Services.Test.csproj", "{C21B4261-10B8-44B4-A727-6FE8C34F6882}"
EndProject
Project("{9A19103F-16F7-4668-BE54-9A1E7A4F7556}") = "YTBapa.PanelTool", "src\Tools\YTBapa.PanelTool\YTBapa.PanelTool.csproj", "{E37A139E-A008-4BCC-92A8-92C049CC781D}"
EndProject
Project("{2150E333-8FDC-42A3-9474-1A3956D46DE8}") = "API", "API", "{81495CCC-3260-46B6-BC81-90789B3F4BD5}"
EndProject
Project("{FAE04EC0-301F-11D3-BF4B-00C04F79EFBC}") = "YTBapa.API", "src\API\YTBapa.API\YTBapa.API.csproj", "{F6D4A7E7-A782-4EDE-B62C-47E7F9619142}"
EndProject
Project("{2150E333-8FDC-42A3-9474-1A3956D46DE8}") = "H5", "H5", "{90B48125-81BA-4C08-A5DF-DB7BAA60B5C1}"
EndProject
Project("{2150E333-8FDC-42A3-9474-1A3956D46DE8}") = "APP", "APP", "{9EF19815-0776-4514-9086-89AC4C0DC64B}"
EndProject
Global
	GlobalSection(SolutionConfigurationPlatforms) = preSolution
		Debug|Any CPU = Debug|Any CPU
		Release|Any CPU = Release|Any CPU
		YTBapa.Web|Any CPU = YTBapa.Web|Any CPU
	EndGlobalSection
	GlobalSection(ProjectConfigurationPlatforms) = postSolution
		{BFC7B1B7-1B7F-4BA8-9E15-3EE8740A267E}.Debug|Any CPU.ActiveCfg = Debug|Any CPU
		{BFC7B1B7-1B7F-4BA8-9E15-3EE8740A267E}.Debug|Any CPU.Build.0 = Debug|Any CPU
		{BFC7B1B7-1B7F-4BA8-9E15-3EE8740A267E}.Release|Any CPU.ActiveCfg = Release|Any CPU
		{BFC7B1B7-1B7F-4BA8-9E15-3EE8740A267E}.Release|Any CPU.Build.0 = Release|Any CPU
		{BFC7B1B7-1B7F-4BA8-9E15-3EE8740A267E}.YTBapa.Web|Any CPU.ActiveCfg = YTBapa.Web|Any CPU
		{BFC7B1B7-1B7F-4BA8-9E15-3EE8740A267E}.YTBapa.Web|Any CPU.Build.0 = YTBapa.Web|Any CPU
		{E6686718-3847-49E1-A944-4DEA655B7E7D}.Debug|Any CPU.ActiveCfg = Debug|Any CPU
		{E6686718-3847-49E1-A944-4DEA655B7E7D}.Debug|Any CPU.Build.0 = Debug|Any CPU
		{E6686718-3847-49E1-A944-4DEA655B7E7D}.Release|Any CPU.ActiveCfg = Release|Any CPU
		{E6686718-3847-49E1-A944-4DEA655B7E7D}.Release|Any CPU.Build.0 = Release|Any CPU
		{E6686718-3847-49E1-A944-4DEA655B7E7D}.YTBapa.Web|Any CPU.ActiveCfg = YTBapa.Web|Any CPU
		{E6686718-3847-49E1-A944-4DEA655B7E7D}.YTBapa.Web|Any CPU.Build.0 = YTBapa.Web|Any CPU
		{437A2437-DBBE-4815-B16A-89E71AFA58F8}.Debug|Any CPU.ActiveCfg = Debug|Any CPU
		{437A2437-DBBE-4815-B16A-89E71AFA58F8}.Debug|Any CPU.Build.0 = Debug|Any CPU
		{437A2437-DBBE-4815-B16A-89E71AFA58F8}.Release|Any CPU.ActiveCfg = Release|Any CPU
		{437A2437-DBBE-4815-B16A-89E71AFA58F8}.Release|Any CPU.Build.0 = Release|Any CPU
		{437A2437-DBBE-4815-B16A-89E71AFA58F8}.YTBapa.Web|Any CPU.ActiveCfg = YTBapa.Web|Any CPU
		{437A2437-DBBE-4815-B16A-89E71AFA58F8}.YTBapa.Web|Any CPU.Build.0 = YTBapa.Web|Any CPU
		{C21B4261-10B8-44B4-A727-6FE8C34F6882}.Debug|Any CPU.ActiveCfg = Debug|Any CPU
		{C21B4261-10B8-44B4-A727-6FE8C34F6882}.Debug|Any CPU.Build.0 = Debug|Any CPU
		{C21B4261-10B8-44B4-A727-6FE8C34F6882}.Release|Any CPU.ActiveCfg = Release|Any CPU
		{C21B4261-10B8-44B4-A727-6FE8C34F6882}.Release|Any CPU.Build.0 = Release|Any CPU
		{C21B4261-10B8-44B4-A727-6FE8C34F6882}.YTBapa.Web|Any CPU.ActiveCfg = Debug|Any CPU
		{C21B4261-10B8-44B4-A727-6FE8C34F6882}.YTBapa.Web|Any CPU.Build.0 = Debug|Any CPU
		{E37A139E-A008-4BCC-92A8-92C049CC781D}.Debug|Any CPU.ActiveCfg = Debug|Any CPU
		{E37A139E-A008-4BCC-92A8-92C049CC781D}.Debug|Any CPU.Build.0 = Debug|Any CPU
		{E37A139E-A008-4BCC-92A8-92C049CC781D}.Release|Any CPU.ActiveCfg = Release|Any CPU
		{E37A139E-A008-4BCC-92A8-92C049CC781D}.Release|Any CPU.Build.0 = Release|Any CPU
		{E37A139E-A008-4BCC-92A8-92C049CC781D}.YTBapa.Web|Any CPU.ActiveCfg = Debug|Any CPU
		{E37A139E-A008-4BCC-92A8-92C049CC781D}.YTBapa.Web|Any CPU.Build.0 = Debug|Any CPU
		{F6D4A7E7-A782-4EDE-B62C-47E7F9619142}.Debug|Any CPU.ActiveCfg = Debug|Any CPU
		{F6D4A7E7-A782-4EDE-B62C-47E7F9619142}.Debug|Any CPU.Build.0 = Debug|Any CPU
		{F6D4A7E7-A782-4EDE-B62C-47E7F9619142}.Release|Any CPU.ActiveCfg = Release|Any CPU
		{F6D4A7E7-A782-4EDE-B62C-47E7F9619142}.Release|Any CPU.Build.0 = Release|Any CPU
		{F6D4A7E7-A782-4EDE-B62C-47E7F9619142}.YTBapa.Web|Any CPU.ActiveCfg = Debug|Any CPU
		{F6D4A7E7-A782-4EDE-B62C-47E7F9619142}.YTBapa.Web|Any CPU.Build.0 = Debug|Any CPU
	EndGlobalSection
	GlobalSection(SolutionProperties) = preSolution
		HideSolutionNode = FALSE
	EndGlobalSection
	GlobalSection(NestedProjects) = preSolution
		{BFC7B1B7-1B7F-4BA8-9E15-3EE8740A267E} = {F7E8A784-A83B-4B2F-B201-CE92F39D8E3F}
		{E6686718-3847-49E1-A944-4DEA655B7E7D} = {11F233DD-8C12-4F94-919B-A6F70082768E}
		{437A2437-DBBE-4815-B16A-89E71AFA58F8} = {B91C4BBD-DD5B-4917-AF5B-ED36276A3273}
		{C21B4261-10B8-44B4-A727-6FE8C34F6882} = {DD4F8B80-4702-4067-8963-650D5AE0F33E}
		{E37A139E-A008-4BCC-92A8-92C049CC781D} = {C46508F6-268E-4747-98DB-E0FE6F14E6BB}
		{F6D4A7E7-A782-4EDE-B62C-47E7F9619142} = {81495CCC-3260-46B6-BC81-90789B3F4BD5}
		{90B48125-81BA-4C08-A5DF-DB7BAA60B5C1} = {B91C4BBD-DD5B-4917-AF5B-ED36276A3273}
		{9EF19815-0776-4514-9086-89AC4C0DC64B} = {B91C4BBD-DD5B-4917-AF5B-ED36276A3273}
	EndGlobalSection
	GlobalSection(ExtensibilityGlobals) = postSolution
		SolutionGuid = {EF44AD3E-EB79-4195-B176-2920DE71506F}
	EndGlobalSection
EndGlobal
